schema: '2.0'
stages:
  prepare:
    cmd: python src/data.py --total_train_images 2500 --total_valid_images 600 --total_test_images
      400 --random_state 42
    deps:
    - path: data/raw/Testing
      hash: md5
      md5: 8b17d7ee8019891d6d308f570a6c2b2b.dir
      size: 13375930
      nfiles: 394
    - path: data/raw/Training
      hash: md5
      md5: 115ba59527aaaa7bb4d5009e3ef34067.dir
      size: 79703413
      nfiles: 2870
    - path: src/data.py
      hash: md5
      md5: aa4383525598d6f40cca2021d46e9f49
      size: 9385
    params:
      params.yaml:
        prepare.random_state: 42
        prepare.total_test_images: 400
        prepare.total_train_images: 2500
        prepare.total_valid_images: 600
    outs:
    - path: data/processed/testing
      hash: md5
      md5: 9b5f9d65d4a3feeeda40f33436de31ca.dir
      size: 7854577
      nfiles: 400
    - path: data/processed/training
      hash: md5
      md5: 22353d3be3ab9a572e061a6647b3bdc6.dir
      size: 44643874
      nfiles: 2500
    - path: data/processed/validation
      hash: md5
      md5: 8c52afebb235d0ffec35c46b8627870a.dir
      size: 10732006
      nfiles: 600
  train:
    cmd: python src/train.py --random_state 42 --epochs 5
    deps:
    - path: data/processed/Testing
      hash: md5
      md5: 9b5f9d65d4a3feeeda40f33436de31ca.dir
      size: 7854577
      nfiles: 400
    - path: data/processed/Training
      hash: md5
      md5: 22353d3be3ab9a572e061a6647b3bdc6.dir
      size: 44643874
      nfiles: 2500
    - path: src/train.py
      hash: md5
      md5: ae736e50ca49e00edc50fd0c15976b26
      size: 886
    params:
      params.yaml:
        train.epochs: 5
        train.random_state: 42
    outs:
    - path: models/model
      hash: md5
      md5: 5094edf5ee70f81683ae5258766d3620.dir
      size: 228620749
      nfiles: 5
  evaluate:
    cmd: python src/evaluate.py
    deps:
    - path: data/processed/Validation
      hash: md5
      md5: 8c52afebb235d0ffec35c46b8627870a.dir
      size: 10732006
      nfiles: 600
    - path: models/model
      hash: md5
      md5: 5094edf5ee70f81683ae5258766d3620.dir
      size: 228620749
      nfiles: 5
    - path: src/evaluate.py
      hash: md5
      md5: 4cbb93efff26a74da6b4fb042fe07f05
      size: 763
